// !$*UTF8*$!
{
	archiveVersion = 1;
	classes = {
	};
	objectVersion = 50;
	objects = {

/* Begin PBXBuildFile section */
		05404F7726ADFBF2009EA32F /* PracticeListApp.swift in Sources */ = {isa = PBXBuildFile; fileRef = 05404F7626ADFBF2009EA32F /* PracticeListApp.swift */; };
		05404F7926ADFBF2009EA32F /* ContentView.swift in Sources */ = {isa = PBXBuildFile; fileRef = 05404F7826ADFBF2009EA32F /* ContentView.swift */; };
		05404F7B26ADFBF4009EA32F /* Assets.xcassets in Resources */ = {isa = PBXBuildFile; fileRef = 05404F7A26ADFBF4009EA32F /* Assets.xcassets */; };
		05404F7E26ADFBF4009EA32F /* Preview Assets.xcassets in Resources */ = {isa = PBXBuildFile; fileRef = 05404F7D26ADFBF4009EA32F /* Preview Assets.xcassets */; };
		05404F8926ADFBF4009EA32F /* PracticeListTests.swift in Sources */ = {isa = PBXBuildFile; fileRef = 05404F8826ADFBF4009EA32F /* PracticeListTests.swift */; };
		05404F9426ADFBF4009EA32F /* PracticeListUITests.swift in Sources */ = {isa = PBXBuildFile; fileRef = 05404F9326ADFBF4009EA32F /* PracticeListUITests.swift */; };
/* End PBXBuildFile section */

/* Begin PBXContainerItemProxy section */
		05404F8526ADFBF4009EA32F /* PBXContainerItemProxy */ = {
			isa = PBXContainerItemProxy;
			containerPortal = 05404F6B26ADFBF2009EA32F /* Project object */;
			proxyType = 1;
			remoteGlobalIDString = 05404F7226ADFBF2009EA32F;
			remoteInfo = PracticeList;
		};
		05404F9026ADFBF4009EA32F /* PBXContainerItemProxy */ = {
			isa = PBXContainerItemProxy;
			containerPortal = 05404F6B26ADFBF2009EA32F /* Project object */;
			proxyType = 1;
			remoteGlobalIDString = 05404F7226ADFBF2009EA32F;
			remoteInfo = PracticeList;
		};
/* End PBXContainerItemProxy section */

/* Begin PBXFileReference section */
		05404F7326ADFBF2009EA32F /* PracticeList.app */ = {isa = PBXFileReference; explicitFileType = wrapper.application; includeInIndex = 0; path = PracticeList.app; sourceTree = BUILT_PRODUCTS_DIR; };
		05404F7626ADFBF2009EA32F /* PracticeListApp.swift */ = {isa = PBXFileReference; lastKnownFileType = sourcecode.swift; path = PracticeListApp.swift; sourceTree = "<group>"; };
		05404F7826ADFBF2009EA32F /* ContentView.swift */ = {isa = PBXFileReference; lastKnownFileType = sourcecode.swift; path = ContentView.swift; sourceTree = "<group>"; };
		05404F7A26ADFBF4009EA32F /* Assets.xcassets */ = {isa = PBXFileReference; lastKnownFileType = folder.assetcatalog; path = Assets.xcassets; sourceTree = "<group>"; };
		05404F7D26ADFBF4009EA32F /* Preview Assets.xcassets */ = {isa = PBXFileReference; lastKnownFileType = folder.assetcatalog; path = "Preview Assets.xcassets"; sourceTree = "<group>"; };
		05404F7F26ADFBF4009EA32F /* Info.plist */ = {isa = PBXFileReference; lastKnownFileType = text.plist.xml; path = Info.plist; sourceTree = "<group>"; };
		05404F8426ADFBF4009EA32F /* PracticeListTests.xctest */ = {isa = PBXFileReference; explicitFileType = wrapper.cfbundle; includeInIndex = 0; path = PracticeListTests.xctest; sourceTree = BUILT_PRODUCTS_DIR; };
		05404F8826ADFBF4009EA32F /* PracticeListTests.swift */ = {isa = PBXFileReference; lastKnownFileType = sourcecode.swift; path = PracticeListTests.swift; sourceTree = "<group>"; };
		05404F8A26ADFBF4009EA32F /* Info.plist */ = {isa = PBXFileReference; lastKnownFileType = text.plist.xml; path = Info.plist; sourceTree = "<group>"; };
		05404F8F26ADFBF4009EA32F /* PracticeListUITests.xctest */ = {isa = PBXFileReference; explicitFileType = wrapper.cfbundle; includeInIndex = 0; path = PracticeListUITests.xctest; sourceTree = BUILT_PRODUCTS_DIR; };
		05404F9326ADFBF4009EA32F /* PracticeListUITests.swift */ = {isa = PBXFileReference; lastKnownFileType = sourcecode.swift; path = PracticeListUITests.swift; sourceTree = "<group>"; };
		05404F9526ADFBF4009EA32F /* Info.plist */ = {isa = PBXFileReference; lastKnownFileType = text.plist.xml; path = Info.plist; sourceTree = "<group>"; };
/* End PBXFileReference section */

/* Begin PBXFrameworksBuildPhase section */
		05404F7026ADFBF2009EA32F /* Frameworks */ = {
			isa = PBXFrameworksBuildPhase;
			buildActionMask = 2147483647;
			files = (
			);
			runOnlyForDeploymentPostprocessing = 0;
		};
		05404F8126ADFBF4009EA32F /* Frameworks */ = {
			isa = PBXFrameworksBuildPhase;
			buildActionMask = 2147483647;
			files = (
			);
			runOnlyForDeploymentPostprocessing = 0;
		};
		05404F8C26ADFBF4009EA32F /* Frameworks */ = {
			isa = PBXFrameworksBuildPhase;
			buildActionMask = 2147483647;
			files = (
			);
			runOnlyForDeploymentPostprocessing = 0;
		};
/* End PBXFrameworksBuildPhase section */

/* Begin PBXGroup section */
		05404F6A26ADFBF2009EA32F = {
			isa = PBXGroup;
			children = (
				05404F7526ADFBF2009EA32F /* PracticeList */,
				05404F8726ADFBF4009EA32F /* PracticeListTests */,
				05404F9226ADFBF4009EA32F /* PracticeListUITests */,
				05404F7426ADFBF2009EA32F /* Products */,
			);
			sourceTree = "<group>";
		};
		05404F7426ADFBF2009EA32F /* Products */ = {
			isa = PBXGroup;
			children = (
				05404F7326ADFBF2009EA32F /* PracticeList.app */,
				05404F8426ADFBF4009EA32F /* PracticeListTests.xctest */,
				05404F8F26ADFBF4009EA32F /* PracticeListUITests.xctest */,
			);
			name = Products;
			sourceTree = "<group>";
		};
		05404F7526ADFBF2009EA32F /* PracticeList */ = {
			isa = PBXGroup;
			children = (
				05404F7626ADFBF2009EA32F /* PracticeListApp.swift */,
				05404F7826ADFBF2009EA32F /* ContentView.swift */,
				05404F7A26ADFBF4009EA32F /* Assets.xcassets */,
				05404F7F26ADFBF4009EA32F /* Info.plist */,
				05404F7C26ADFBF4009EA32F /* Preview Content */,
			);
			path = PracticeList;
			sourceTree = "<group>";
		};
		05404F7C26ADFBF4009EA32F /* Preview Content */ = {
			isa = PBXGroup;
			children = (
				05404F7D26ADFBF4009EA32F /* Preview Assets.xcassets */,
			);
			path = "Preview Content";
			sourceTree = "<group>";
		};
		05404F8726ADFBF4009EA32F /* PracticeListTests */ = {
			isa = PBXGroup;
			children = (
				05404F8826ADFBF4009EA32F /* PracticeListTests.swift */,
				05404F8A26ADFBF4009EA32F /* Info.plist */,
			);
			path = PracticeListTests;
			sourceTree = "<group>";
		};
		05404F9226ADFBF4009EA32F /* PracticeListUITests */ = {
			isa = PBXGroup;
			children = (
				05404F9326ADFBF4009EA32F /* PracticeListUITests.swift */,
				05404F9526ADFBF4009EA32F /* Info.plist */,
			);
			path = PracticeListUITests;
			sourceTree = "<group>";
		};
/* End PBXGroup section */

/* Begin PBXNativeTarget section */
		05404F7226ADFBF2009EA32F /* PracticeList */ = {
			isa = PBXNativeTarget;
			buildConfigurationList = 05404F9826ADFBF4009EA32F /* Build configuration list for PBXNativeTarget "PracticeList" */;
			buildPhases = (
				05404F6F26ADFBF2009EA32F /* Sources */,
				05404F7026ADFBF2009EA32F /* Frameworks */,
				05404F7126ADFBF2009EA32F /* Resources */,
			);
			buildRules = (
			);
			dependencies = (
			);
			name = PracticeList;
			productName = PracticeList;
			productReference = 05404F7326ADFBF2009EA32F /* PracticeList.app */;
			productType = "com.apple.product-type.application";
		};
		05404F8326ADFBF4009EA32F /* PracticeListTests */ = {
			isa = PBXNativeTarget;
			buildConfigurationList = 05404F9B26ADFBF4009EA32F /* Build configuration list for PBXNativeTarget "PracticeListTests" */;
			buildPhases = (
				05404F8026ADFBF4009EA32F /* Sources */,
				05404F8126ADFBF4009EA32F /* Frameworks */,
				05404F8226ADFBF4009EA32F /* Resources */,
			);
			buildRules = (
			);
			dependencies = (
				05404F8626ADFBF4009EA32F /* PBXTargetDependency */,
			);
			name = PracticeListTests;
			productName = PracticeListTests;
			productReference = 05404F8426ADFBF4009EA32F /* PracticeListTests.xctest */;
			productType = "com.apple.product-type.bundle.unit-test";
		};
		05404F8E26ADFBF4009EA32F /* PracticeListUITests */ = {
			isa = PBXNativeTarget;
			buildConfigurationList = 05404F9E26ADFBF4009EA32F /* Build configuration list for PBXNativeTarget "PracticeListUITests" */;
			buildPhases = (
				05404F8B26ADFBF4009EA32F /* Sources */,
				05404F8C26ADFBF4009EA32F /* Frameworks */,
				05404F8D26ADFBF4009EA32F /* Resources */,
			);
			buildRules = (
			);
			dependencies = (
				05404F9126ADFBF4009EA32F /* PBXTargetDependency */,
			);
			name = PracticeListUITests;
			productName = PracticeListUITests;
			productReference = 05404F8F26ADFBF4009EA32F /* PracticeListUITests.xctest */;
			productType = "com.apple.product-type.bundle.ui-testing";
		};
/* End PBXNativeTarget section */

/* Begin PBXProject section */
		05404F6B26ADFBF2009EA32F /* Project object */ = {
			isa = PBXProject;
			attributes = {
				LastSwiftUpdateCheck = 1250;
				LastUpgradeCheck = 1250;
				TargetAttributes = {
					05404F7226ADFBF2009EA32F = {
						CreatedOnToolsVersion = 12.5.1;
					};
					05404F8326ADFBF4009EA32F = {
						CreatedOnToolsVersion = 12.5.1;
						TestTargetID = 05404F7226ADFBF2009EA32F;
					};
					05404F8E26ADFBF4009EA32F = {
						CreatedOnToolsVersion = 12.5.1;
						TestTargetID = 05404F7226ADFBF2009EA32F;
					};
				};
			};
			buildConfigurationList = 05404F6E26ADFBF2009EA32F /* Build configuration list for PBXProject "PracticeList" */;
			compatibilityVersion = "Xcode 9.3";
			developmentRegion = en;
			hasScannedForEncodings = 0;
			knownRegions = (
				en,
				Base,
			);
			mainGroup = 05404F6A26ADFBF2009EA32F;
			productRefGroup = 05404F7426ADFBF2009EA32F /* Products */;
			projectDirPath = "";
			projectRoot = "";
			targets = (
				05404F7226ADFBF2009EA32F /* PracticeList */,
				05404F8326ADFBF4009EA32F /* PracticeListTests */,
				05404F8E26ADFBF4009EA32F /* PracticeListUITests */,
			);
		};
/* End PBXProject section */

/* Begin PBXResourcesBuildPhase section */
		05404F7126ADFBF2009EA32F /* Resources */ = {
			isa = PBXResourcesBuildPhase;
			buildActionMask = 2147483647;
			files = (
				05404F7E26ADFBF4009EA32F /* Preview Assets.xcassets in Resources */,
				05404F7B26ADFBF4009EA32F /* Assets.xcassets in Resources */,
			);
			runOnlyForDeploymentPostprocessing = 0;
		};
		05404F8226ADFBF4009EA32F /* Resources */ = {
			isa = PBXResourcesBuildPhase;
			buildActionMask = 2147483647;
			files = (
			);
			runOnlyForDeploymentPostprocessing = 0;
		};
		05404F8D26ADFBF4009EA32F /* Resources */ = {
			isa = PBXResourcesBuildPhase;
			buildActionMask = 2147483647;
			files = (
			);
			runOnlyForDeploymentPostprocessing = 0;
		};
/* End PBXResourcesBuildPhase section */

/* Begin PBXSourcesBuildPhase section */
		05404F6F26ADFBF2009EA32F /* Sources */ = {
			isa = PBXSourcesBuildPhase;
			buildActionMask = 2147483647;
			files = (
				05404F7926ADFBF2009EA32F /* ContentView.swift in Sources */,
				05404F7726ADFBF2009EA32F /* PracticeListApp.swift in Sources */,
			);
			runOnlyForDeploymentPostprocessing = 0;
		};
		05404F8026ADFBF4009EA32F /* Sources */ = {
			isa = PBXSourcesBuildPhase;
			buildActionMask = 2147483647;
			files = (
				05404F8926ADFBF4009EA32F /* PracticeListTests.swift in Sources */,
			);
			runOnlyForDeploymentPostprocessing = 0;
		};
		05404F8B26ADFBF4009EA32F /* Sources */ = {
			isa = PBXSourcesBuildPhase;
			buildActionMask = 2147483647;
			files = (
				05404F9426ADFBF4009EA32F /* PracticeListUITests.swift in Sources */,
			);
			runOnlyForDeploymentPostprocessing = 0;
		};
/* End PBXSourcesBuildPhase section */

/* Begin PBXTargetDependency section */
		05404F8626ADFBF4009EA32F /* PBXTargetDependency */ = {
			isa = PBXTargetDependency;
			target = 05404F7226ADFBF2009EA32F /* PracticeList */;
			targetProxy = 05404F8526ADFBF4009EA32F /* PBXContainerItemProxy */;
		};
		05404F9126ADFBF4009EA32F /* PBXTargetDependency */ = {
			isa = PBXTargetDependency;
			target = 05404F7226ADFBF2009EA32F /* PracticeList */;
			targetProxy = 05404F9026ADFBF4009EA32F /* PBXContainerItemProxy */;
		};
/* End PBXTargetDependency section */

/* Begin XCBuildConfiguration section */
		05404F9626ADFBF4009EA32F /* Debug */ = {
			isa = XCBuildConfiguration;
			buildSettings = {
				ALWAYS_SEARCH_USER_PATHS = NO;
				CLANG_ANALYZER_NONNULL = YES;
				CLANG_ANALYZER_NUMBER_OBJECT_CONVERSION = YES_AGGRESSIVE;
				CLANG_CXX_LANGUAGE_STANDARD = "gnu++14";
				CLANG_CXX_LIBRARY = "libc++";
				CLANG_ENABLE_MODULES = YES;
				CLANG_ENABLE_OBJC_ARC = YES;
				CLANG_ENABLE_OBJC_WEAK = YES;
				CLANG_WARN_BLOCK_CAPTURE_AUTORELEASING = YES;
				CLANG_WARN_BOOL_CONVERSION = YES;
				CLANG_WARN_COMMA = YES;
				CLANG_WARN_CONSTANT_CONVERSION = YES;
				CLANG_WARN_DEPRECATED_OBJC_IMPLEMENTATIONS = YES;
				CLANG_WARN_DIRECT_OBJC_ISA_USAGE = YES_ERROR;
				CLANG_WARN_DOCUMENTATION_COMMENTS = YES;
				CLANG_WARN_EMPTY_BODY = YES;
				CLANG_WARN_ENUM_CONVERSION = YES;
				CLANG_WARN_INFINITE_RECURSION = YES;
				CLANG_WARN_INT_CONVERSION = YES;
				CLANG_WARN_NON_LITERAL_NULL_CONVERSION = YES;
				CLANG_WARN_OBJC_IMPLICIT_RETAIN_SELF = YES;
				CLANG_WARN_OBJC_LITERAL_CONVERSION = YES;
				CLANG_WARN_OBJC_ROOT_CLASS = YES_ERROR;
				CLANG_WARN_QUOTED_INCLUDE_IN_FRAMEWORK_HEADER = YES;
				CLANG_WARN_RANGE_LOOP_ANALYSIS = YES;
				CLANG_WARN_STRICT_PROTOTYPES = YES;
				CLANG_WARN_SUSPICIOUS_MOVE = YES;
				CLANG_WARN_UNGUARDED_AVAILABILITY = YES_AGGRESSIVE;
				CLANG_WARN_UNREACHABLE_CODE = YES;
				CLANG_WARN__DUPLICATE_METHOD_MATCH = YES;
				COPY_PHASE_STRIP = NO;
				DEBUG_INFORMATION_FORMAT = dwarf;
				ENABLE_STRICT_OBJC_MSGSEND = YES;
				ENABLE_TESTABILITY = YES;
				GCC_C_LANGUAGE_STANDARD = gnu11;
				GCC_DYNAMIC_NO_PIC = NO;
				GCC_NO_COMMON_BLOCKS = YES;
				GCC_OPTIMIZATION_LEVEL = 0;
				GCC_PREPROCESSOR_DEFINITIONS = (
					"DEBUG=1",
					"$(inherited)",
				);
				GCC_WARN_64_TO_32_BIT_CONVERSION = YES;
				GCC_WARN_ABOUT_RETURN_TYPE = YES_ERROR;
				GCC_WARN_UNDECLARED_SELECTOR = YES;
				GCC_WARN_UNINITIALIZED_AUTOS = YES_AGGRESSIVE;
				GCC_WARN_UNUSED_FUNCTION = YES;
				GCC_WARN_UNUSED_VARIABLE = YES;
				IPHONEOS_DEPLOYMENT_TARGET = 14.5;
				MTL_ENABLE_DEBUG_INFO = INCLUDE_SOURCE;
				MTL_FAST_MATH = YES;
				ONLY_ACTIVE_ARCH = YES;
				SDKROOT = iphoneos;
				SWIFT_ACTIVE_COMPILATION_CONDITIONS = DEBUG;
				SWIFT_OPTIMIZATION_LEVEL = "-Onone";
			};
			name = Debug;
		};
		05404F9726ADFBF4009EA32F /* Release */ = {
			isa = XCBuildConfiguration;
			buildSettings = {
				ALWAYS_SEARCH_USER_PATHS = NO;
				CLANG_ANALYZER_NONNULL = YES;
				CLANG_ANALYZER_NUMBER_OBJECT_CONVERSION = YES_AGGRESSIVE;
				CLANG_CXX_LANGUAGE_STANDARD = "gnu++14";
				CLANG_CXX_LIBRARY = "libc++";
				CLANG_ENABLE_MODULES = YES;
				CLANG_ENABLE_OBJC_ARC = YES;
				CLANG_ENABLE_OBJC_WEAK = YES;
				CLANG_WARN_BLOCK_CAPTURE_AUTORELEASING = YES;
				CLANG_WARN_BOOL_CONVERSION = YES;
				CLANG_WARN_COMMA = YES;
				CLANG_WARN_CONSTANT_CONVERSION = YES;
				CLANG_WARN_DEPRECATED_OBJC_IMPLEMENTATIONS = YES;
				CLANG_WARN_DIRECT_OBJC_ISA_USAGE = YES_ERROR;
				CLANG_WARN_DOCUMENTATION_COMMENTS = YES;
				CLANG_WARN_EMPTY_BODY = YES;
				CLANG_WARN_ENUM_CONVERSION = YES;
				CLANG_WARN_INFINITE_RECURSION = YES;
				CLANG_WARN_INT_CONVERSION = YES;
				CLANG_WARN_NON_LITERAL_NULL_CONVERSION = YES;
				CLANG_WARN_OBJC_IMPLICIT_RETAIN_SELF = YES;
				CLANG_WARN_OBJC_LITERAL_CONVERSION = YES;
				CLANG_WARN_OBJC_ROOT_CLASS = YES_ERROR;
				CLANG_WARN_QUOTED_INCLUDE_IN_FRAMEWORK_HEADER = YES;
				CLANG_WARN_RANGE_LOOP_ANALYSIS = YES;
				CLANG_WARN_STRICT_PROTOTYPES = YES;
				CLANG_WARN_SUSPICIOUS_MOVE = YES;
				CLANG_WARN_UNGUARDED_AVAILABILITY = YES_AGGRESSIVE;
				CLANG_WARN_UNREACHABLE_CODE = YES;
				CLANG_WARN__DUPLICATE_METHOD_MATCH = YES;
				COPY_PHASE_STRIP = NO;
				DEBUG_INFORMATION_FORMAT = "dwarf-with-dsym";
				ENABLE_NS_ASSERTIONS = NO;
				ENABLE_STRICT_OBJC_MSGSEND = YES;
				GCC_C_LANGUAGE_STANDARD = gnu11;
				GCC_NO_COMMON_BLOCKS = YES;
				GCC_WARN_64_TO_32_BIT_CONVERSION = YES;
				GCC_WARN_ABOUT_RETURN_TYPE = YES_ERROR;
				GCC_WARN_UNDECLARED_SELECTOR = YES;
				GCC_WARN_UNINITIALIZED_AUTOS = YES_AGGRESSIVE;
				GCC_WARN_UNUSED_FUNCTION = YES;
				GCC_WARN_UNUSED_VARIABLE = YES;
				IPHONEOS_DEPLOYMENT_TARGET = 14.5;
				MTL_ENABLE_DEBUG_INFO = NO;
				MTL_FAST_MATH = YES;
				SDKROOT = iphoneos;
				SWIFT_COMPILATION_MODE = wholemodule;
				SWIFT_OPTIMIZATION_LEVEL = "-O";
				VALIDATE_PRODUCT = YES;
			};
			name = Release;
		};
		05404F9926ADFBF4009EA32F /* Debug */ = {
			isa = XCBuildConfiguration;
			buildSettings = {
				ASSETCATALOG_COMPILER_APPICON_NAME = AppIcon;
				ASSETCATALOG_COMPILER_GLOBAL_ACCENT_COLOR_NAME = AccentColor;
				CODE_SIGN_STYLE = Automatic;
				DEVELOPMENT_ASSET_PATHS = "\"PracticeList/Preview Content\"";
				ENABLE_PREVIEWS = YES;
				INFOPLIST_FILE = PracticeList/Info.plist;
				IPHONEOS_DEPLOYMENT_TARGET = 14.0;
				LD_RUNPATH_SEARCH_PATHS = (
					"$(inherited)",
					"@executable_path/Frameworks",
				);
				PRODUCT_BUNDLE_IDENTIFIER = com.practice.PracticeList;
				PRODUCT_NAME = "$(TARGET_NAME)";
				SWIFT_VERSION = 5.0;
				TARGETED_DEVICE_FAMILY = "1,2";
			};
			name = Debug;
		};
		05404F9A26ADFBF4009EA32F /* Release */ = {
			isa = XCBuildConfiguration;
			buildSettings = {
				ASSETCATALOG_COMPILER_APPICON_NAME = AppIcon;
				ASSETCATALOG_COMPILER_GLOBAL_ACCENT_COLOR_NAME = AccentColor;
				CODE_SIGN_STYLE = Automatic;
				DEVELOPMENT_ASSET_PATHS = "\"PracticeList/Preview Content\"";
				ENABLE_PREVIEWS = YES;
				INFOPLIST_FILE = PracticeList/Info.plist;
				IPHONEOS_DEPLOYMENT_TARGET = 14.0;
				LD_RUNPATH_SEARCH_PATHS = (
					"$(inherited)",
					"@executable_path/Frameworks",
				);
				PRODUCT_BUNDLE_IDENTIFIER = com.practice.PracticeList;
				PRODUCT_NAME = "$(TARGET_NAME)";
				SWIFT_VERSION = 5.0;
				TARGETED_DEVICE_FAMILY = "1,2";
			};
			name = Release;
		};
		05404F9C26ADFBF4009EA32F /* Debug */ = {
			isa = XCBuildConfiguration;
			buildSettings = {
				ALWAYS_EMBED_SWIFT_STANDARD_LIBRARIES = YES;
				BUNDLE_LOADER = "$(TEST_HOST)";
				CODE_SIGN_STYLE = Automatic;
				INFOPLIST_FILE = PracticeListTests/Info.plist;
				IPHONEOS_DEPLOYMENT_TARGET = 14.0;
				LD_RUNPATH_SEARCH_PATHS = (
					"$(inherited)",
					"@executable_path/Frameworks",
					"@loader_path/Frameworks",
				);
				PRODUCT_BUNDLE_IDENTIFIER = com.practice.PracticeListTests;
				PRODUCT_NAME = "$(TARGET_NAME)";
				SWIFT_VERSION = 5.0;
				TARGETED_DEVICE_FAMILY = "1,2";
				TEST_HOST = "$(BUILT_PRODUCTS_DIR)/PracticeList.app/PracticeList";
			};
			name = Debug;
		};
		05404F9D26ADFBF4009EA32F /* Release */ = {
			isa = XCBuildConfiguration;
			buildSettings = {
				ALWAYS_EMBED_SWIFT_STANDARD_LIBRARIES = YES;
				BUNDLE_LOADER = "$(TEST_HOST)";
				CODE_SIGN_STYLE = Automatic;
				INFOPLIST_FILE = PracticeListTests/Info.plist;
				IPHONEOS_DEPLOYMENT_TARGET = 14.0;
				LD_RUNPATH_SEARCH_PATHS = (
					"$(inherited)",
					"@executable_path/Frameworks",
					"@loader_path/Frameworks",
				);
				PRODUCT_BUNDLE_IDENTIFIER = com.practice.PracticeListTests;
				PRODUCT_NAME = "$(TARGET_NAME)";
				SWIFT_VERSION = 5.0;
				TARGETED_DEVICE_FAMILY = "1,2";
				TEST_HOST = "$(BUILT_PRODUCTS_DIR)/PracticeList.app/PracticeList";
			};
			name = Release;
		};
		05404F9F26ADFBF4009EA32F /* Debug */ = {
			isa = XCBuildConfiguration;
			buildSettings = {
				ALWAYS_EMBED_SWIFT_STANDARD_LIBRARIES = YES;
				CODE_SIGN_STYLE = Automatic;
				INFOPLIST_FILE = PracticeListUITests/Info.plist;
				LD_RUNPATH_SEARCH_PATHS = (
					"$(inherited)",
					"@executable_path/Frameworks",
					"@loader_path/Frameworks",
				);
				PRODUCT_BUNDLE_IDENTIFIER = com.practice.PracticeListUITests;
				PRODUCT_NAME = "$(TARGET_NAME)";
				SWIFT_VERSION = 5.0;
				TARGETED_DEVICE_FAMILY = "1,2";
				TEST_TARGET_NAME = PracticeList;
			};
			name = Debug;
		};
		05404FA026ADFBF4009EA32F /* Release */ = {
			isa = XCBuildConfiguration;
			buildSettings = {
				ALWAYS_EMBED_SWIFT_STANDARD_LIBRARIES = YES;
				CODE_SIGN_STYLE = Automatic;
				INFOPLIST_FILE = PracticeListUITests/Info.plist;
				LD_RUNPATH_SEARCH_PATHS = (
					"$(inherited)",
					"@executable_path/Frameworks",
					"@loader_path/Frameworks",
				);
				PRODUCT_BUNDLE_IDENTIFIER = com.practice.PracticeListUITests;
				PRODUCT_NAME = "$(TARGET_NAME)";
				SWIFT_VERSION = 5.0;
				TARGETED_DEVICE_FAMILY = "1,2";
				TEST_TARGET_NAME = PracticeList;
			};
			name = Release;
		};
/* End XCBuildConfiguration section */

/* Begin XCConfigurationList section */
		05404F6E26ADFBF2009EA32F /* Build configuration list for PBXProject "PracticeList" */ = {
			isa = XCConfigurationList;
			buildConfigurations = (
				05404F9626ADFBF4009EA32F /* Debug */,
				05404F9726ADFBF4009EA32F /* Release */,
			);
			defaultConfigurationIsVisible = 0;
			defaultConfigurationName = Release;
		};
		05404F9826ADFBF4009EA32F /* Build configuration list for PBXNativeTarget "PracticeList" */ = {
			isa = XCConfigurationList;
			buildConfigurations = (
				05404F9926ADFBF4009EA32F /* Debug */,
				05404F9A26ADFBF4009EA32F /* Release */,
			);
			defaultConfigurationIsVisible = 0;
			defaultConfigurationName = Release;
		};
		05404F9B26ADFBF4009EA32F /* Build configuration list for PBXNativeTarget "PracticeListTests" */ = {
			isa = XCConfigurationList;
			buildConfigurations = (
				05404F9C26ADFBF4009EA32F /* Debug */,
				05404F9D26ADFBF4009EA32F /* Release */,
			);
			defaultConfigurationIsVisible = 0;
			defaultConfigurationName = Release;
		};
		05404F9E26ADFBF4009EA32F /* Build configuration list for PBXNativeTarget "PracticeListUITests" */ = {
			isa = XCConfigurationList;
			buildConfigurations = (
				05404F9F26ADFBF4009EA32F /* Debug */,
				05404FA026ADFBF4009EA32F /* Release */,
			);
			defaultConfigurationIsVisible = 0;
			defaultConfigurationName = Release;
		};
/* End XCConfigurationList section */
	};
	rootObject = 05404F6B26ADFBF2009EA32F /* Project object */;
}
